
Microsoft Visual Studio Solution File, Format Version 12.00
# Visual Studio 14
VisualStudioVersion = 14.0.25420.1
MinimumVisualStudioVersion = 10.0.40219.1
Project("{FAE04EC0-301F-11D3-BF4B-00C04F79EFBC}") = "FamilyXaml", "FamilyXaml\FamilyXaml\FamilyXaml.csproj", "{45AB2EE9-05D0-4EFA-AADC-07C695D2E467}"
EndProject
Project("{FAE04EC0-301F-11D3-BF4B-00C04F79EFBC}") = "FamilyXaml.Droid", "FamilyXaml\FamilyXaml.Droid\FamilyXaml.Droid.csproj", "{DB1C2737-F2FD-47DB-B80F-F018056B3CBC}"
EndProject
Project("{FAE04EC0-301F-11D3-BF4B-00C04F79EFBC}") = "FamilyXaml.iOS", "FamilyXaml\FamilyXaml.iOS\FamilyXaml.iOS.csproj", "{0DCB6DBB-3394-4339-A39E-2E766C0617C9}"
EndProject
Project("{FAE04EC0-301F-11D3-BF4B-00C04F79EFBC}") = "FamilyXaml.WinPhone", "FamilyXaml\FamilyXaml.WinPhone\FamilyXaml.WinPhone.csproj", "{36C6DDE0-596D-4C8A-8275-CF3AABFF0253}"
EndProject
Project("{FAE04EC0-301F-11D3-BF4B-00C04F79EFBC}") = "FamilyXaml.Windows", "FamilyXaml\FamilyXaml.Windows\FamilyXaml.Windows.csproj", "{92029860-84FA-4303-AF55-D4A58D5AF952}"
EndProject
Global
	GlobalSection(SolutionConfigurationPlatforms) = preSolution
		Ad-Hoc|Any CPU = Ad-Hoc|Any CPU
		Ad-Hoc|ARM = Ad-Hoc|ARM
		Ad-Hoc|iPhone = Ad-Hoc|iPhone
		Ad-Hoc|iPhoneSimulator = Ad-Hoc|iPhoneSimulator
		Ad-Hoc|x64 = Ad-Hoc|x64
		Ad-Hoc|x86 = Ad-Hoc|x86
		AppStore|Any CPU = AppStore|Any CPU
		AppStore|ARM = AppStore|ARM
		AppStore|iPhone = AppStore|iPhone
		AppStore|iPhoneSimulator = AppStore|iPhoneSimulator
		AppStore|x64 = AppStore|x64
		AppStore|x86 = AppStore|x86
		Debug|Any CPU = Debug|Any CPU
		Debug|ARM = Debug|ARM
		Debug|iPhone = Debug|iPhone
		Debug|iPhoneSimulator = Debug|iPhoneSimulator
		Debug|x64 = Debug|x64
		Debug|x86 = Debug|x86
		Release|Any CPU = Release|Any CPU
		Release|ARM = Release|ARM
		Release|iPhone = Release|iPhone
		Release|iPhoneSimulator = Release|iPhoneSimulator
		Release|x64 = Release|x64
		Release|x86 = Release|x86
	EndGlobalSection
	GlobalSection(ProjectConfigurationPlatforms) = postSolution
		{45AB2EE9-05D0-4EFA-AADC-07C695D2E467}.Ad-Hoc|Any CPU.ActiveCfg = Release|Any CPU
		{45AB2EE9-05D0-4EFA-AADC-07C695D2E467}.Ad-Hoc|Any CPU.Build.0 = Release|Any CPU
		{45AB2EE9-05D0-4EFA-AADC-07C695D2E467}.Ad-Hoc|ARM.ActiveCfg = Release|Any CPU
		{45AB2EE9-05D0-4EFA-AADC-07C695D2E467}.Ad-Hoc|ARM.Build.0 = Release|Any CPU
		{45AB2EE9-05D0-4EFA-AADC-07C695D2E467}.Ad-Hoc|iPhone.ActiveCfg = Release|Any CPU
		{45AB2EE9-05D0-4EFA-AADC-07C695D2E467}.Ad-Hoc|iPhone.Build.0 = Release|Any CPU
		{45AB2EE9-05D0-4EFA-AADC-07C695D2E467}.Ad-Hoc|iPhoneSimulator.ActiveCfg = Release|Any CPU
		{45AB2EE9-05D0-4EFA-AADC-07C695D2E467}.Ad-Hoc|iPhoneSimulator.Build.0 = Release|Any CPU
		{45AB2EE9-05D0-4EFA-AADC-07C695D2E467}.Ad-Hoc|x64.ActiveCfg = Release|Any CPU
		{45AB2EE9-05D0-4EFA-AADC-07C695D2E467}.Ad-Hoc|x64.Build.0 = Release|Any CPU
		{45AB2EE9-05D0-4EFA-AADC-07C695D2E467}.Ad-Hoc|x86.ActiveCfg = Release|Any CPU
		{45AB2EE9-05D0-4EFA-AADC-07C695D2E467}.Ad-Hoc|x86.Build.0 = Release|Any CPU
		{45AB2EE9-05D0-4EFA-AADC-07C695D2E467}.AppStore|Any CPU.ActiveCfg = Release|Any CPU
		{45AB2EE9-05D0-4EFA-AADC-07C695D2E467}.AppStore|Any CPU.Build.0 = Release|Any CPU
		{45AB2EE9-05D0-4EFA-AADC-07C695D2E467}.AppStore|ARM.ActiveCfg = Release|Any CPU
		{45AB2EE9-05D0-4EFA-AADC-07C695D2E467}.AppStore|ARM.Build.0 = Release|Any CPU
		{45AB2EE9-05D0-4EFA-AADC-07C695D2E467}.AppStore|iPhone.ActiveCfg = Release|Any CPU
		{45AB2EE9-05D0-4EFA-AADC-07C695D2E467}.AppStore|iPhone.Build.0 = Release|Any CPU
		{45AB2EE9-05D0-4EFA-AADC-07C695D2E467}.AppStore|iPhoneSimulator.ActiveCfg = Release|Any CPU
		{45AB2EE9-05D0-4EFA-AADC-07C695D2E467}.AppStore|iPhoneSimulator.Build.0 = Release|Any CPU
		{45AB2EE9-05D0-4EFA-AADC-07C695D2E467}.AppStore|x64.ActiveCfg = Release|Any CPU
		{45AB2EE9-05D0-4EFA-AADC-07C695D2E467}.AppStore|x64.Build.0 = Release|Any CPU
		{45AB2EE9-05D0-4EFA-AADC-07C695D2E467}.AppStore|x86.ActiveCfg = Release|Any CPU
		{45AB2EE9-05D0-4EFA-AADC-07C695D2E467}.AppStore|x86.Build.0 = Release|Any CPU
		{45AB2EE9-05D0-4EFA-AADC-07C695D2E467}.Debug|Any CPU.ActiveCfg = Debug|Any CPU
		{45AB2EE9-05D0-4EFA-AADC-07C695D2E467}.Debug|Any CPU.Build.0 = Debug|Any CPU
		{45AB2EE9-05D0-4EFA-AADC-07C695D2E467}.Debug|ARM.ActiveCfg = Debug|Any CPU
		{45AB2EE9-05D0-4EFA-AADC-07C695D2E467}.Debug|ARM.Build.0 = Debug|Any CPU
		{45AB2EE9-05D0-4EFA-AADC-07C695D2E467}.Debug|iPhone.ActiveCfg = Debug|Any CPU
		{45AB2EE9-05D0-4EFA-AADC-07C695D2E467}.Debug|iPhone.Build.0 = Debug|Any CPU
		{45AB2EE9-05D0-4EFA-AADC-07C695D2E467}.Debug|iPhoneSimulator.ActiveCfg = Debug|Any CPU
		{45AB2EE9-05D0-4EFA-AADC-07C695D2E467}.Debug|iPhoneSimulator.Build.0 = Debug|Any CPU
		{45AB2EE9-05D0-4EFA-AADC-07C695D2E467}.Debug|x64.ActiveCfg = Debug|Any CPU
		{45AB2EE9-05D0-4EFA-AADC-07C695D2E467}.Debug|x64.Build.0 = Debug|Any CPU
		{45AB2EE9-05D0-4EFA-AADC-07C695D2E467}.Debug|x86.ActiveCfg = Debug|Any CPU
		{45AB2EE9-05D0-4EFA-AADC-07C695D2E467}.Debug|x86.Build.0 = Debug|Any CPU
		{45AB2EE9-05D0-4EFA-AADC-07C695D2E467}.Release|Any CPU.ActiveCfg = Release|Any CPU
		{45AB2EE9-05D0-4EFA-AADC-07C695D2E467}.Release|Any CPU.Build.0 = Release|Any CPU
		{45AB2EE9-05D0-4EFA-AADC-07C695D2E467}.Release|ARM.ActiveCfg = Release|Any CPU
		{45AB2EE9-05D0-4EFA-AADC-07C695D2E467}.Release|ARM.Build.0 = Release|Any CPU
		{45AB2EE9-05D0-4EFA-AADC-07C695D2E467}.Release|iPhone.ActiveCfg = Release|Any CPU
		{45AB2EE9-05D0-4EFA-AADC-07C695D2E467}.Release|iPhone.Build.0 = Release|Any CPU
		{45AB2EE9-05D0-4EFA-AADC-07C695D2E467}.Release|iPhoneSimulator.ActiveCfg = Release|Any CPU
		{45AB2EE9-05D0-4EFA-AADC-07C695D2E467}.Release|iPhoneSimulator.Build.0 = Release|Any CPU
		{45AB2EE9-05D0-4EFA-AADC-07C695D2E467}.Release|x64.ActiveCfg = Release|Any CPU
		{45AB2EE9-05D0-4EFA-AADC-07C695D2E467}.Release|x64.Build.0 = Release|Any CPU
		{45AB2EE9-05D0-4EFA-AADC-07C695D2E467}.Release|x86.ActiveCfg = Release|Any CPU
		{45AB2EE9-05D0-4EFA-AADC-07C695D2E467}.Release|x86.Build.0 = Release|Any CPU
		{DB1C2737-F2FD-47DB-B80F-F018056B3CBC}.Ad-Hoc|Any CPU.ActiveCfg = Release|Any CPU
		{DB1C2737-F2FD-47DB-B80F-F018056B3CBC}.Ad-Hoc|Any CPU.Build.0 = Release|Any CPU
		{DB1C2737-F2FD-47DB-B80F-F018056B3CBC}.Ad-Hoc|Any CPU.Deploy.0 = Release|Any CPU
		{DB1C2737-F2FD-47DB-B80F-F018056B3CBC}.Ad-Hoc|ARM.ActiveCfg = Release|Any CPU
		{DB1C2737-F2FD-47DB-B80F-F018056B3CBC}.Ad-Hoc|ARM.Build.0 = Release|Any CPU
		{DB1C2737-F2FD-47DB-B80F-F018056B3CBC}.Ad-Hoc|ARM.Deploy.0 = Release|Any CPU
		{DB1C2737-F2FD-47DB-B80F-F018056B3CBC}.Ad-Hoc|iPhone.ActiveCfg = Release|Any CPU
		{DB1C2737-F2FD-47DB-B80F-F018056B3CBC}.Ad-Hoc|iPhone.Build.0 = Release|Any CPU
		{DB1C2737-F2FD-47DB-B80F-F018056B3CBC}.Ad-Hoc|iPhone.Deploy.0 = Release|Any CPU
		{DB1C2737-F2FD-47DB-B80F-F018056B3CBC}.Ad-Hoc|iPhoneSimulator.ActiveCfg = Release|Any CPU
		{DB1C2737-F2FD-47DB-B80F-F018056B3CBC}.Ad-Hoc|iPhoneSimulator.Build.0 = Release|Any CPU
		{DB1C2737-F2FD-47DB-B80F-F018056B3CBC}.Ad-Hoc|iPhoneSimulator.Deploy.0 = Release|Any CPU
		{DB1C2737-F2FD-47DB-B80F-F018056B3CBC}.Ad-Hoc|x64.ActiveCfg = Release|Any CPU
		{DB1C2737-F2FD-47DB-B80F-F018056B3CBC}.Ad-Hoc|x64.Build.0 = Release|Any CPU
		{DB1C2737-F2FD-47DB-B80F-F018056B3CBC}.Ad-Hoc|x64.Deploy.0 = Release|Any CPU
		{DB1C2737-F2FD-47DB-B80F-F018056B3CBC}.Ad-Hoc|x86.ActiveCfg = Release|Any CPU
		{DB1C2737-F2FD-47DB-B80F-F018056B3CBC}.Ad-Hoc|x86.Build.0 = Release|Any CPU
		{DB1C2737-F2FD-47DB-B80F-F018056B3CBC}.Ad-Hoc|x86.Deploy.0 = Release|Any CPU
		{DB1C2737-F2FD-47DB-B80F-F018056B3CBC}.AppStore|Any CPU.ActiveCfg = Release|Any CPU
		{DB1C2737-F2FD-47DB-B80F-F018056B3CBC}.AppStore|Any CPU.Build.0 = Release|Any CPU
		{DB1C2737-F2FD-47DB-B80F-F018056B3CBC}.AppStore|Any CPU.Deploy.0 = Release|Any CPU
		{DB1C2737-F2FD-47DB-B80F-F018056B3CBC}.AppStore|ARM.ActiveCfg = Release|Any CPU
		{DB1C2737-F2FD-47DB-B80F-F018056B3CBC}.AppStore|ARM.Build.0 = Release|Any CPU
		{DB1C2737-F2FD-47DB-B80F-F018056B3CBC}.AppStore|ARM.Deploy.0 = Release|Any CPU
		{DB1C2737-F2FD-47DB-B80F-F018056B3CBC}.AppStore|iPhone.ActiveCfg = Release|Any CPU
		{DB1C2737-F2FD-47DB-B80F-F018056B3CBC}.AppStore|iPhone.Build.0 = Release|Any CPU
		{DB1C2737-F2FD-47DB-B80F-F018056B3CBC}.AppStore|iPhone.Deploy.0 = Release|Any CPU
		{DB1C2737-F2FD-47DB-B80F-F018056B3CBC}.AppStore|iPhoneSimulator.ActiveCfg = Release|Any CPU
		{DB1C2737-F2FD-47DB-B80F-F018056B3CBC}.AppStore|iPhoneSimulator.Build.0 = Release|Any CPU
		{DB1C2737-F2FD-47DB-B80F-F018056B3CBC}.AppStore|iPhoneSimulator.Deploy.0 = Release|Any CPU
		{DB1C2737-F2FD-47DB-B80F-F018056B3CBC}.AppStore|x64.ActiveCfg = Release|Any CPU
		{DB1C2737-F2FD-47DB-B80F-F018056B3CBC}.AppStore|x64.Build.0 = Release|Any CPU
		{DB1C2737-F2FD-47DB-B80F-F018056B3CBC}.AppStore|x64.Deploy.0 = Release|Any CPU
		{DB1C2737-F2FD-47DB-B80F-F018056B3CBC}.AppStore|x86.ActiveCfg = Release|Any CPU
		{DB1C2737-F2FD-47DB-B80F-F018056B3CBC}.AppStore|x86.Build.0 = Release|Any CPU
		{DB1C2737-F2FD-47DB-B80F-F018056B3CBC}.AppStore|x86.Deploy.0 = Release|Any CPU
		{DB1C2737-F2FD-47DB-B80F-F018056B3CBC}.Debug|Any CPU.ActiveCfg = Debug|Any CPU
		{DB1C2737-F2FD-47DB-B80F-F018056B3CBC}.Debug|Any CPU.Build.0 = Debug|Any CPU
		{DB1C2737-F2FD-47DB-B80F-F018056B3CBC}.Debug|Any CPU.Deploy.0 = Debug|Any CPU
		{DB1C2737-F2FD-47DB-B80F-F018056B3CBC}.Debug|ARM.ActiveCfg = Debug|Any CPU
		{DB1C2737-F2FD-47DB-B80F-F018056B3CBC}.Debug|ARM.Build.0 = Debug|Any CPU
		{DB1C2737-F2FD-47DB-B80F-F018056B3CBC}.Debug|ARM.Deploy.0 = Debug|Any CPU
		{DB1C2737-F2FD-47DB-B80F-F018056B3CBC}.Debug|iPhone.ActiveCfg = Debug|Any CPU
		{DB1C2737-F2FD-47DB-B80F-F018056B3CBC}.Debug|iPhone.Build.0 = Debug|Any CPU
		{DB1C2737-F2FD-47DB-B80F-F018056B3CBC}.Debug|iPhone.Deploy.0 = Debug|Any CPU
		{DB1C2737-F2FD-47DB-B80F-F018056B3CBC}.Debug|iPhoneSimulator.ActiveCfg = Debug|Any CPU
		{DB1C2737-F2FD-47DB-B80F-F018056B3CBC}.Debug|iPhoneSimulator.Build.0 = Debug|Any CPU
		{DB1C2737-F2FD-47DB-B80F-F018056B3CBC}.Debug|iPhoneSimulator.Deploy.0 = Debug|Any CPU
		{DB1C2737-F2FD-47DB-B80F-F018056B3CBC}.Debug|x64.ActiveCfg = Debug|Any CPU
		{DB1C2737-F2FD-47DB-B80F-F018056B3CBC}.Debug|x64.Build.0 = Debug|Any CPU
		{DB1C2737-F2FD-47DB-B80F-F018056B3CBC}.Debug|x64.Deploy.0 = Debug|Any CPU
		{DB1C2737-F2FD-47DB-B80F-F018056B3CBC}.Debug|x86.ActiveCfg = Debug|Any CPU
		{DB1C2737-F2FD-47DB-B80F-F018056B3CBC}.Debug|x86.Build.0 = Debug|Any CPU
		{DB1C2737-F2FD-47DB-B80F-F018056B3CBC}.Debug|x86.Deploy.0 = Debug|Any CPU
		{DB1C2737-F2FD-47DB-B80F-F018056B3CBC}.Release|Any CPU.ActiveCfg = Release|Any CPU
		{DB1C2737-F2FD-47DB-B80F-F018056B3CBC}.Release|Any CPU.Build.0 = Release|Any CPU
		{DB1C2737-F2FD-47DB-B80F-F018056B3CBC}.Release|Any CPU.Deploy.0 = Release|Any CPU
		{DB1C2737-F2FD-47DB-B80F-F018056B3CBC}.Release|ARM.ActiveCfg = Release|Any CPU
		{DB1C2737-F2FD-47DB-B80F-F018056B3CBC}.Release|ARM.Build.0 = Release|Any CPU
		{DB1C2737-F2FD-47DB-B80F-F018056B3CBC}.Release|ARM.Deploy.0 = Release|Any CPU
		{DB1C2737-F2FD-47DB-B80F-F018056B3CBC}.Release|iPhone.ActiveCfg = Release|Any CPU
		{DB1C2737-F2FD-47DB-B80F-F018056B3CBC}.Release|iPhone.Build.0 = Release|Any CPU
		{DB1C2737-F2FD-47DB-B80F-F018056B3CBC}.Release|iPhone.Deploy.0 = Release|Any CPU
		{DB1C2737-F2FD-47DB-B80F-F018056B3CBC}.Release|iPhoneSimulator.ActiveCfg = Release|Any CPU
		{DB1C2737-F2FD-47DB-B80F-F018056B3CBC}.Release|iPhoneSimulator.Build.0 = Release|Any CPU
		{DB1C2737-F2FD-47DB-B80F-F018056B3CBC}.Release|iPhoneSimulator.Deploy.0 = Release|Any CPU
		{DB1C2737-F2FD-47DB-B80F-F018056B3CBC}.Release|x64.ActiveCfg = Release|Any CPU
		{DB1C2737-F2FD-47DB-B80F-F018056B3CBC}.Release|x64.Build.0 = Release|Any CPU
		{DB1C2737-F2FD-47DB-B80F-F018056B3CBC}.Release|x64.Deploy.0 = Release|Any CPU
		{DB1C2737-F2FD-47DB-B80F-F018056B3CBC}.Release|x86.ActiveCfg = Release|Any CPU
		{DB1C2737-F2FD-47DB-B80F-F018056B3CBC}.Release|x86.Build.0 = Release|Any CPU
		{DB1C2737-F2FD-47DB-B80F-F018056B3CBC}.Release|x86.Deploy.0 = Release|Any CPU
		{0DCB6DBB-3394-4339-A39E-2E766C0617C9}.Ad-Hoc|Any CPU.ActiveCfg = Ad-Hoc|iPhone
		{0DCB6DBB-3394-4339-A39E-2E766C0617C9}.Ad-Hoc|ARM.ActiveCfg = Ad-Hoc|iPhone
		{0DCB6DBB-3394-4339-A39E-2E766C0617C9}.Ad-Hoc|iPhone.ActiveCfg = Ad-Hoc|iPhone
		{0DCB6DBB-3394-4339-A39E-2E766C0617C9}.Ad-Hoc|iPhone.Build.0 = Ad-Hoc|iPhone
		{0DCB6DBB-3394-4339-A39E-2E766C0617C9}.Ad-Hoc|iPhoneSimulator.ActiveCfg = Ad-Hoc|iPhoneSimulator
		{0DCB6DBB-3394-4339-A39E-2E766C0617C9}.Ad-Hoc|iPhoneSimulator.Build.0 = Ad-Hoc|iPhoneSimulator
		{0DCB6DBB-3394-4339-A39E-2E766C0617C9}.Ad-Hoc|x64.ActiveCfg = Ad-Hoc|iPhone
		{0DCB6DBB-3394-4339-A39E-2E766C0617C9}.Ad-Hoc|x86.ActiveCfg = Ad-Hoc|iPhone
		{0DCB6DBB-3394-4339-A39E-2E766C0617C9}.AppStore|Any CPU.ActiveCfg = AppStore|iPhone
		{0DCB6DBB-3394-4339-A39E-2E766C0617C9}.AppStore|ARM.ActiveCfg = AppStore|iPhone
		{0DCB6DBB-3394-4339-A39E-2E766C0617C9}.AppStore|iPhone.ActiveCfg = AppStore|iPhone
		{0DCB6DBB-3394-4339-A39E-2E766C0617C9}.AppStore|iPhone.Build.0 = AppStore|iPhone
		{0DCB6DBB-3394-4339-A39E-2E766C0617C9}.AppStore|iPhoneSimulator.ActiveCfg = AppStore|iPhoneSimulator
		{0DCB6DBB-3394-4339-A39E-2E766C0617C9}.AppStore|iPhoneSimulator.Build.0 = AppStore|iPhoneSimulator
		{0DCB6DBB-3394-4339-A39E-2E766C0617C9}.AppStore|x64.ActiveCfg = AppStore|iPhone
		{0DCB6DBB-3394-4339-A39E-2E766C0617C9}.AppStore|x86.ActiveCfg = AppStore|iPhone
		{0DCB6DBB-3394-4339-A39E-2E766C0617C9}.Debug|Any CPU.ActiveCfg = Debug|iPhone
		{0DCB6DBB-3394-4339-A39E-2E766C0617C9}.Debug|ARM.ActiveCfg = Debug|iPhone
		{0DCB6DBB-3394-4339-A39E-2E766C0617C9}.Debug|iPhone.ActiveCfg = Debug|iPhone
		{0DCB6DBB-3394-4339-A39E-2E766C0617C9}.Debug|iPhone.Build.0 = Debug|iPhone
		{0DCB6DBB-3394-4339-A39E-2E766C0617C9}.Debug|iPhoneSimulator.ActiveCfg = Debug|iPhoneSimulator
		{0DCB6DBB-3394-4339-A39E-2E766C0617C9}.Debug|iPhoneSimulator.Build.0 = Debug|iPhoneSimulator
		{0DCB6DBB-3394-4339-A39E-2E766C0617C9}.Debug|x64.ActiveCfg = Debug|iPhone
		{0DCB6DBB-3394-4339-A39E-2E766C0617C9}.Debug|x86.ActiveCfg = Debug|iPhone
		{0DCB6DBB-3394-4339-A39E-2E766C0617C9}.Release|Any CPU.ActiveCfg = Release|iPhone
		{0DCB6DBB-3394-4339-A39E-2E766C0617C9}.Release|ARM.ActiveCfg = Release|iPhone
		{0DCB6DBB-3394-4339-A39E-2E766C0617C9}.Release|iPhone.ActiveCfg = Release|iPhone
		{0DCB6DBB-3394-4339-A39E-2E766C0617C9}.Release|iPhone.Build.0 = Release|iPhone
		{0DCB6DBB-3394-4339-A39E-2E766C0617C9}.Release|iPhoneSimulator.ActiveCfg = Release|iPhoneSimulator
		{0DCB6DBB-3394-4339-A39E-2E766C0617C9}.Release|iPhoneSimulator.Build.0 = Release|iPhoneSimulator
		{0DCB6DBB-3394-4339-A39E-2E766C0617C9}.Release|x64.ActiveCfg = Release|iPhone
		{0DCB6DBB-3394-4339-A39E-2E766C0617C9}.Release|x86.ActiveCfg = Release|iPhone
		{36C6DDE0-596D-4C8A-8275-CF3AABFF0253}.Ad-Hoc|Any CPU.ActiveCfg = Release|Any CPU
		{36C6DDE0-596D-4C8A-8275-CF3AABFF0253}.Ad-Hoc|Any CPU.Build.0 = Release|Any CPU
		{36C6DDE0-596D-4C8A-8275-CF3AABFF0253}.Ad-Hoc|Any CPU.Deploy.0 = Release|Any CPU
		{36C6DDE0-596D-4C8A-8275-CF3AABFF0253}.Ad-Hoc|ARM.ActiveCfg = Release|ARM
		{36C6DDE0-596D-4C8A-8275-CF3AABFF0253}.Ad-Hoc|ARM.Build.0 = Release|ARM
		{36C6DDE0-596D-4C8A-8275-CF3AABFF0253}.Ad-Hoc|ARM.Deploy.0 = Release|ARM
		{36C6DDE0-596D-4C8A-8275-CF3AABFF0253}.Ad-Hoc|iPhone.ActiveCfg = Release|Any CPU
		{36C6DDE0-596D-4C8A-8275-CF3AABFF0253}.Ad-Hoc|iPhone.Build.0 = Release|Any CPU
		{36C6DDE0-596D-4C8A-8275-CF3AABFF0253}.Ad-Hoc|iPhone.Deploy.0 = Release|Any CPU
		{36C6DDE0-596D-4C8A-8275-CF3AABFF0253}.Ad-Hoc|iPhoneSimulator.ActiveCfg = Release|Any CPU
		{36C6DDE0-596D-4C8A-8275-CF3AABFF0253}.Ad-Hoc|iPhoneSimulator.Build.0 = Release|Any CPU
		{36C6DDE0-596D-4C8A-8275-CF3AABFF0253}.Ad-Hoc|iPhoneSimulator.Deploy.0 = Release|Any CPU
		{36C6DDE0-596D-4C8A-8275-CF3AABFF0253}.Ad-Hoc|x64.ActiveCfg = Release|Any CPU
		{36C6DDE0-596D-4C8A-8275-CF3AABFF0253}.Ad-Hoc|x64.Build.0 = Release|Any CPU
		{36C6DDE0-596D-4C8A-8275-CF3AABFF0253}.Ad-Hoc|x64.Deploy.0 = Release|Any CPU
		{36C6DDE0-596D-4C8A-8275-CF3AABFF0253}.Ad-Hoc|x86.ActiveCfg = Release|x86
		{36C6DDE0-596D-4C8A-8275-CF3AABFF0253}.Ad-Hoc|x86.Build.0 = Release|x86
		{36C6DDE0-596D-4C8A-8275-CF3AABFF0253}.Ad-Hoc|x86.Deploy.0 = Release|x86
		{36C6DDE0-596D-4C8A-8275-CF3AABFF0253}.AppStore|Any CPU.ActiveCfg = Release|Any CPU
		{36C6DDE0-596D-4C8A-8275-CF3AABFF0253}.AppStore|Any CPU.Build.0 = Release|Any CPU
		{36C6DDE0-596D-4C8A-8275-CF3AABFF0253}.AppStore|Any CPU.Deploy.0 = Release|Any CPU
		{36C6DDE0-596D-4C8A-8275-CF3AABFF0253}.AppStore|ARM.ActiveCfg = Release|ARM
		{36C6DDE0-596D-4C8A-8275-CF3AABFF0253}.AppStore|ARM.Build.0 = Release|ARM
		{36C6DDE0-596D-4C8A-8275-CF3AABFF0253}.AppStore|ARM.Deploy.0 = Release|ARM
		{36C6DDE0-596D-4C8A-8275-CF3AABFF0253}.AppStore|iPhone.ActiveCfg = Release|Any CPU
		{36C6DDE0-596D-4C8A-8275-CF3AABFF0253}.AppStore|iPhone.Build.0 = Release|Any CPU
		{36C6DDE0-596D-4C8A-8275-CF3AABFF0253}.AppStore|iPhone.Deploy.0 = Release|Any CPU
		{36C6DDE0-596D-4C8A-8275-CF3AABFF0253}.AppStore|iPhoneSimulator.ActiveCfg = Release|Any CPU
		{36C6DDE0-596D-4C8A-8275-CF3AABFF0253}.AppStore|iPhoneSimulator.Build.0 = Release|Any CPU
		{36C6DDE0-596D-4C8A-8275-CF3AABFF0253}.AppStore|iPhoneSimulator.Deploy.0 = Release|Any CPU
		{36C6DDE0-596D-4C8A-8275-CF3AABFF0253}.AppStore|x64.ActiveCfg = Release|Any CPU
		{36C6DDE0-596D-4C8A-8275-CF3AABFF0253}.AppStore|x64.Build.0 = Release|Any CPU
		{36C6DDE0-596D-4C8A-8275-CF3AABFF0253}.AppStore|x64.Deploy.0 = Release|Any CPU
		{36C6DDE0-596D-4C8A-8275-CF3AABFF0253}.AppStore|x86.ActiveCfg = Release|x86
		{36C6DDE0-596D-4C8A-8275-CF3AABFF0253}.AppStore|x86.Build.0 = Release|x86
		{36C6DDE0-596D-4C8A-8275-CF3AABFF0253}.AppStore|x86.Deploy.0 = Release|x86
		{36C6DDE0-596D-4C8A-8275-CF3AABFF0253}.Debug|Any CPU.ActiveCfg = Debug|Any CPU
		{36C6DDE0-596D-4C8A-8275-CF3AABFF0253}.Debug|Any CPU.Build.0 = Debug|Any CPU
		{36C6DDE0-596D-4C8A-8275-CF3AABFF0253}.Debug|Any CPU.Deploy.0 = Debug|Any CPU
		{36C6DDE0-596D-4C8A-8275-CF3AABFF0253}.Debug|ARM.ActiveCfg = Debug|ARM
		{36C6DDE0-596D-4C8A-8275-CF3AABFF0253}.Debug|ARM.Build.0 = Debug|ARM
		{36C6DDE0-596D-4C8A-8275-CF3AABFF0253}.Debug|ARM.Deploy.0 = Debug|ARM
		{36C6DDE0-596D-4C8A-8275-CF3AABFF0253}.Debug|iPhone.ActiveCfg = Debug|Any CPU
		{36C6DDE0-596D-4C8A-8275-CF3AABFF0253}.Debug|iPhone.Build.0 = Debug|Any CPU
		{36C6DDE0-596D-4C8A-8275-CF3AABFF0253}.Debug|iPhone.Deploy.0 = Debug|Any CPU
		{36C6DDE0-596D-4C8A-8275-CF3AABFF0253}.Debug|iPhoneSimulator.ActiveCfg = Debug|Any CPU
		{36C6DDE0-596D-4C8A-8275-CF3AABFF0253}.Debug|iPhoneSimulator.Build.0 = Debug|Any CPU
		{36C6DDE0-596D-4C8A-8275-CF3AABFF0253}.Debug|iPhoneSimulator.Deploy.0 = Debug|Any CPU
		{36C6DDE0-596D-4C8A-8275-CF3AABFF0253}.Debug|x64.ActiveCfg = Debug|Any CPU
		{36C6DDE0-596D-4C8A-8275-CF3AABFF0253}.Debug|x64.Build.0 = Debug|Any CPU
		{36C6DDE0-596D-4C8A-8275-CF3AABFF0253}.Debug|x64.Deploy.0 = Debug|Any CPU
		{36C6DDE0-596D-4C8A-8275-CF3AABFF0253}.Debug|x86.ActiveCfg = Debug|x86
		{36C6DDE0-596D-4C8A-8275-CF3AABFF0253}.Debug|x86.Build.0 = Debug|x86
		{36C6DDE0-596D-4C8A-8275-CF3AABFF0253}.Debug|x86.Deploy.0 = Debug|x86
		{36C6DDE0-596D-4C8A-8275-CF3AABFF0253}.Release|Any CPU.ActiveCfg = Release|Any CPU
		{36C6DDE0-596D-4C8A-8275-CF3AABFF0253}.Release|Any CPU.Build.0 = Release|Any CPU
		{36C6DDE0-596D-4C8A-8275-CF3AABFF0253}.Release|Any CPU.Deploy.0 = Release|Any CPU
		{36C6DDE0-596D-4C8A-8275-CF3AABFF0253}.Release|ARM.ActiveCfg = Release|ARM
		{36C6DDE0-596D-4C8A-8275-CF3AABFF0253}.Release|ARM.Build.0 = Release|ARM
		{36C6DDE0-596D-4C8A-8275-CF3AABFF0253}.Release|ARM.Deploy.0 = Release|ARM
		{36C6DDE0-596D-4C8A-8275-CF3AABFF0253}.Release|iPhone.ActiveCfg = Release|Any CPU
		{36C6DDE0-596D-4C8A-8275-CF3AABFF0253}.Release|iPhone.Build.0 = Release|Any CPU
		{36C6DDE0-596D-4C8A-8275-CF3AABFF0253}.Release|iPhone.Deploy.0 = Release|Any CPU
		{36C6DDE0-596D-4C8A-8275-CF3AABFF0253}.Release|iPhoneSimulator.ActiveCfg = Release|Any CPU
		{36C6DDE0-596D-4C8A-8275-CF3AABFF0253}.Release|iPhoneSimulator.Build.0 = Release|Any CPU
		{36C6DDE0-596D-4C8A-8275-CF3AABFF0253}.Release|iPhoneSimulator.Deploy.0 = Release|Any CPU
		{36C6DDE0-596D-4C8A-8275-CF3AABFF0253}.Release|x64.ActiveCfg = Release|Any CPU
		{36C6DDE0-596D-4C8A-8275-CF3AABFF0253}.Release|x64.Build.0 = Release|Any CPU
		{36C6DDE0-596D-4C8A-8275-CF3AABFF0253}.Release|x64.Deploy.0 = Release|Any CPU
		{36C6DDE0-596D-4C8A-8275-CF3AABFF0253}.Release|x86.ActiveCfg = Release|x86
		{36C6DDE0-596D-4C8A-8275-CF3AABFF0253}.Release|x86.Build.0 = Release|x86
		{36C6DDE0-596D-4C8A-8275-CF3AABFF0253}.Release|x86.Deploy.0 = Release|x86
		{92029860-84FA-4303-AF55-D4A58D5AF952}.Ad-Hoc|Any CPU.ActiveCfg = Release|Any CPU
		{92029860-84FA-4303-AF55-D4A58D5AF952}.Ad-Hoc|Any CPU.Build.0 = Release|Any CPU
		{92029860-84FA-4303-AF55-D4A58D5AF952}.Ad-Hoc|Any CPU.Deploy.0 = Release|Any CPU
		{92029860-84FA-4303-AF55-D4A58D5AF952}.Ad-Hoc|ARM.ActiveCfg = Release|ARM
		{92029860-84FA-4303-AF55-D4A58D5AF952}.Ad-Hoc|ARM.Build.0 = Release|ARM
		{92029860-84FA-4303-AF55-D4A58D5AF952}.Ad-Hoc|ARM.Deploy.0 = Release|ARM
		{92029860-84FA-4303-AF55-D4A58D5AF952}.Ad-Hoc|iPhone.ActiveCfg = Release|Any CPU
		{92029860-84FA-4303-AF55-D4A58D5AF952}.Ad-Hoc|iPhone.Build.0 = Release|Any CPU
		{92029860-84FA-4303-AF55-D4A58D5AF952}.Ad-Hoc|iPhone.Deploy.0 = Release|Any CPU
		{92029860-84FA-4303-AF55-D4A58D5AF952}.Ad-Hoc|iPhoneSimulator.ActiveCfg = Release|Any CPU
		{92029860-84FA-4303-AF55-D4A58D5AF952}.Ad-Hoc|iPhoneSimulator.Build.0 = Release|Any CPU
		{92029860-84FA-4303-AF55-D4A58D5AF952}.Ad-Hoc|iPhoneSimulator.Deploy.0 = Release|Any CPU
		{92029860-84FA-4303-AF55-D4A58D5AF952}.Ad-Hoc|x64.ActiveCfg = Release|x64
		{92029860-84FA-4303-AF55-D4A58D5AF952}.Ad-Hoc|x64.Build.0 = Release|x64
		{92029860-84FA-4303-AF55-D4A58D5AF952}.Ad-Hoc|x64.Deploy.0 = Release|x64
		{92029860-84FA-4303-AF55-D4A58D5AF952}.Ad-Hoc|x86.ActiveCfg = Release|x86
		{92029860-84FA-4303-AF55-D4A58D5AF952}.Ad-Hoc|x86.Build.0 = Release|x86
		{92029860-84FA-4303-AF55-D4A58D5AF952}.Ad-Hoc|x86.Deploy.0 = Release|x86
		{92029860-84FA-4303-AF55-D4A58D5AF952}.AppStore|Any CPU.ActiveCfg = Release|Any CPU
		{92029860-84FA-4303-AF55-D4A58D5AF952}.AppStore|Any CPU.Build.0 = Release|Any CPU
		{92029860-84FA-4303-AF55-D4A58D5AF952}.AppStore|Any CPU.Deploy.0 = Release|Any CPU
		{92029860-84FA-4303-AF55-D4A58D5AF952}.AppStore|ARM.ActiveCfg = Release|ARM
		{92029860-84FA-4303-AF55-D4A58D5AF952}.AppStore|ARM.Build.0 = Release|ARM
		{92029860-84FA-4303-AF55-D4A58D5AF952}.AppStore|ARM.Deploy.0 = Release|ARM
		{92029860-84FA-4303-AF55-D4A58D5AF952}.AppStore|iPhone.ActiveCfg = Release|Any CPU
		{92029860-84FA-4303-AF55-D4A58D5AF952}.AppStore|iPhone.Build.0 = Release|Any CPU
		{92029860-84FA-4303-AF55-D4A58D5AF952}.AppStore|iPhone.Deploy.0 = Release|Any CPU
		{92029860-84FA-4303-AF55-D4A58D5AF952}.AppStore|iPhoneSimulator.ActiveCfg = Release|Any CPU
		{92029860-84FA-4303-AF55-D4A58D5AF952}.AppStore|iPhoneSimulator.Build.0 = Release|Any CPU
		{92029860-84FA-4303-AF55-D4A58D5AF952}.AppStore|iPhoneSimulator.Deploy.0 = Release|Any CPU
		{92029860-84FA-4303-AF55-D4A58D5AF952}.AppStore|x64.ActiveCfg = Release|x64
		{92029860-84FA-4303-AF55-D4A58D5AF952}.AppStore|x64.Build.0 = Release|x64
		{92029860-84FA-4303-AF55-D4A58D5AF952}.AppStore|x64.Deploy.0 = Release|x64
		{92029860-84FA-4303-AF55-D4A58D5AF952}.AppStore|x86.ActiveCfg = Release|x86
		{92029860-84FA-4303-AF55-D4A58D5AF952}.AppStore|x86.Build.0 = Release|x86
		{92029860-84FA-4303-AF55-D4A58D5AF952}.AppStore|x86.Deploy.0 = Release|x86
		{92029860-84FA-4303-AF55-D4A58D5AF952}.Debug|Any CPU.ActiveCfg = Debug|Any CPU
		{92029860-84FA-4303-AF55-D4A58D5AF952}.Debug|Any CPU.Build.0 = Debug|Any CPU
		{92029860-84FA-4303-AF55-D4A58D5AF952}.Debug|Any CPU.Deploy.0 = Debug|Any CPU
		{92029860-84FA-4303-AF55-D4A58D5AF952}.Debug|ARM.ActiveCfg = Debug|ARM
		{92029860-84FA-4303-AF55-D4A58D5AF952}.Debug|ARM.Build.0 = Debug|ARM
		{92029860-84FA-4303-AF55-D4A58D5AF952}.Debug|ARM.Deploy.0 = Debug|ARM
		{92029860-84FA-4303-AF55-D4A58D5AF952}.Debug|iPhone.ActiveCfg = Debug|Any CPU
		{92029860-84FA-4303-AF55-D4A58D5AF952}.Debug|iPhone.Build.0 = Debug|Any CPU
		{92029860-84FA-4303-AF55-D4A58D5AF952}.Debug|iPhone.Deploy.0 = Debug|Any CPU
		{92029860-84FA-4303-AF55-D4A58D5AF952}.Debug|iPhoneSimulator.ActiveCfg = Debug|Any CPU
		{92029860-84FA-4303-AF55-D4A58D5AF952}.Debug|iPhoneSimulator.Build.0 = Debug|Any CPU
		{92029860-84FA-4303-AF55-D4A58D5AF952}.Debug|iPhoneSimulator.Deploy.0 = Debug|Any CPU
		{92029860-84FA-4303-AF55-D4A58D5AF952}.Debug|x64.ActiveCfg = Debug|x64
		{92029860-84FA-4303-AF55-D4A58D5AF952}.Debug|x64.Build.0 = Debug|x64
		{92029860-84FA-4303-AF55-D4A58D5AF952}.Debug|x64.Deploy.0 = Debug|x64
		{92029860-84FA-4303-AF55-D4A58D5AF952}.Debug|x86.ActiveCfg = Debug|x86
		{92029860-84FA-4303-AF55-D4A58D5AF952}.Debug|x86.Build.0 = Debug|x86
		{92029860-84FA-4303-AF55-D4A58D5AF952}.Debug|x86.Deploy.0 = Debug|x86
		{92029860-84FA-4303-AF55-D4A58D5AF952}.Release|Any CPU.ActiveCfg = Release|Any CPU
		{92029860-84FA-4303-AF55-D4A58D5AF952}.Release|Any CPU.Build.0 = Release|Any CPU
		{92029860-84FA-4303-AF55-D4A58D5AF952}.Release|Any CPU.Deploy.0 = Release|Any CPU
		{92029860-84FA-4303-AF55-D4A58D5AF952}.Release|ARM.ActiveCfg = Release|ARM
		{92029860-84FA-4303-AF55-D4A58D5AF952}.Release|ARM.Build.0 = Release|ARM
		{92029860-84FA-4303-AF55-D4A58D5AF952}.Release|ARM.Deploy.0 = Release|ARM
		{92029860-84FA-4303-AF55-D4A58D5AF952}.Release|iPhone.ActiveCfg = Release|Any CPU
		{92029860-84FA-4303-AF55-D4A58D5AF952}.Release|iPhone.Build.0 = Release|Any CPU
		{92029860-84FA-4303-AF55-D4A58D5AF952}.Release|iPhone.Deploy.0 = Release|Any CPU
		{92029860-84FA-4303-AF55-D4A58D5AF952}.Release|iPhoneSimulator.ActiveCfg = Release|Any CPU
		{92029860-84FA-4303-AF55-D4A58D5AF952}.Release|iPhoneSimulator.Build.0 = Release|Any CPU
		{92029860-84FA-4303-AF55-D4A58D5AF952}.Release|iPhoneSimulator.Deploy.0 = Release|Any CPU
		{92029860-84FA-4303-AF55-D4A58D5AF952}.Release|x64.ActiveCfg = Release|x64
		{92029860-84FA-4303-AF55-D4A58D5AF952}.Release|x64.Build.0 = Release|x64
		{92029860-84FA-4303-AF55-D4A58D5AF952}.Release|x64.Deploy.0 = Release|x64
		{92029860-84FA-4303-AF55-D4A58D5AF952}.Release|x86.ActiveCfg = Release|x86
		{92029860-84FA-4303-AF55-D4A58D5AF952}.Release|x86.Build.0 = Release|x86
		{92029860-84FA-4303-AF55-D4A58D5AF952}.Release|x86.Deploy.0 = Release|x86
	EndGlobalSection
	GlobalSection(SolutionProperties) = preSolution
		HideSolutionNode = FALSE
	EndGlobalSection
EndGlobal
